
Microsoft Visual Studio Solution File, Format Version 12.00
# Visual Studio 14
VisualStudioVersion = 14.0.25123.0
MinimumVisualStudioVersion = 10.0.40219.1
Project("{FAE04EC0-301F-11D3-BF4B-00C04F79EFBC}") = "DoFactory.API", "DoFactory\DoFactory.API.csproj", "{D41AF2C6-FB91-42C2-84F6-04E9B3D983DA}"
EndProject
Project("{FAE04EC0-301F-11D3-BF4B-00C04F79EFBC}") = "DoFactory.Data", "DoFactory.Core\DoFactory.Data.csproj", "{57E11F46-9E30-4F86-8127-EC963CC3B923}"
EndProject
Project("{FAE04EC0-301F-11D3-BF4B-00C04F79EFBC}") = "DoFactory.Data.Tests", "DoFactory.Data.Tests\DoFactory.Data.Tests.csproj", "{33DFC60A-D1CA-4D96-A067-D54C5BF94DB7}"
EndProject
Global
	GlobalSection(SolutionConfigurationPlatforms) = preSolution
		Debug|Any CPU = Debug|Any CPU
		Release|Any CPU = Release|Any CPU
	EndGlobalSection
	GlobalSection(ProjectConfigurationPlatforms) = postSolution
		{D41AF2C6-FB91-42C2-84F6-04E9B3D983DA}.Debug|Any CPU.ActiveCfg = Debug|Any CPU
		{D41AF2C6-FB91-42C2-84F6-04E9B3D983DA}.Debug|Any CPU.Build.0 = Debug|Any CPU
		{D41AF2C6-FB91-42C2-84F6-04E9B3D983DA}.Release|Any CPU.ActiveCfg = Release|Any CPU
		{D41AF2C6-FB91-42C2-84F6-04E9B3D983DA}.Release|Any CPU.Build.0 = Release|Any CPU
		{57E11F46-9E30-4F86-8127-EC963CC3B923}.Debug|Any CPU.ActiveCfg = Debug|Any CPU
		{57E11F46-9E30-4F86-8127-EC963CC3B923}.Debug|Any CPU.Build.0 = Debug|Any CPU
		{57E11F46-9E30-4F86-8127-EC963CC3B923}.Release|Any CPU.ActiveCfg = Release|Any CPU
		{57E11F46-9E30-4F86-8127-EC963CC3B923}.Release|Any CPU.Build.0 = Release|Any CPU
		{33DFC60A-D1CA-4D96-A067-D54C5BF94DB7}.Debug|Any CPU.ActiveCfg = Debug|Any CPU
		{33DFC60A-D1CA-4D96-A067-D54C5BF94DB7}.Debug|Any CPU.Build.0 = Debug|Any CPU
		{33DFC60A-D1CA-4D96-A067-D54C5BF94DB7}.Release|Any CPU.ActiveCfg = Release|Any CPU
		{33DFC60A-D1CA-4D96-A067-D54C5BF94DB7}.Release|Any CPU.Build.0 = Release|Any CPU
	EndGlobalSection
	GlobalSection(SolutionProperties) = preSolution
		HideSolutionNode = FALSE
	EndGlobalSection
EndGlobal
